
Microsoft Visual Studio Solution File, Format Version 12.00
# Visual Studio 14
VisualStudioVersion = 14.0.24720.0
MinimumVisualStudioVersion = 10.0.40219.1
Project("{FAE04EC0-301F-11D3-BF4B-00C04F79EFBC}") = "ScriptConfig.Sample", "ScriptConfig\ScriptConfig.Sample.csproj", "{04165DC3-A3B9-414D-A74F-3868D1E06EED}"
EndProject
Global
	GlobalSection(SolutionConfigurationPlatforms) = preSolution
		Debug|Any CPU = Debug|Any CPU
		Release|Any CPU = Release|Any CPU
	EndGlobalSection
	GlobalSection(ProjectConfigurationPlatforms) = postSolution
		{04165DC3-A3B9-414D-A74F-3868D1E06EED}.Debug|Any CPU.ActiveCfg = Debug|Any CPU
		{04165DC3-A3B9-414D-A74F-3868D1E06EED}.Debug|Any CPU.Build.0 = Debug|Any CPU
		{04165DC3-A3B9-414D-A74F-3868D1E06EED}.Release|Any CPU.ActiveCfg = Release|Any CPU
		{04165DC3-A3B9-414D-A74F-3868D1E06EED}.Release|Any CPU.Build.0 = Release|Any CPU
	EndGlobalSection
	GlobalSection(SolutionProperties) = preSolution
		HideSolutionNode = FALSE
	EndGlobalSection
EndGlobal
